// !$*UTF8*$!
{
	archiveVersion = 1;
	classes = {
	};
	objectVersion = 77;
	objects = {

/* Begin PBXBuildFile section */
		3C07D1E72DC7AEA900E754F2 /* FirebaseAuth in Frameworks */ = {isa = PBXBuildFile; productRef = 3C07D1E62DC7AEA900E754F2 /* FirebaseAuth */; };
		3C07D1E92DC7AEA900E754F2 /* FirebaseFirestore in Frameworks */ = {isa = PBXBuildFile; productRef = 3C07D1E82DC7AEA900E754F2 /* FirebaseFirestore */; };
/* End PBXBuildFile section */

/* Begin PBXContainerItemProxy section */
		3C8590CE2DC6C52000E493E5 /* PBXContainerItemProxy */ = {
			isa = PBXContainerItemProxy;
			containerPortal = 3C8590B82DC6C51E00E493E5 /* Project object */;
			proxyType = 1;
			remoteGlobalIDString = 3C8590BF2DC6C51E00E493E5;
			remoteInfo = EchoLearn;
		};
		3C8590D82DC6C52000E493E5 /* PBXContainerItemProxy */ = {
			isa = PBXContainerItemProxy;
			containerPortal = 3C8590B82DC6C51E00E493E5 /* Project object */;
			proxyType = 1;
			remoteGlobalIDString = 3C8590BF2DC6C51E00E493E5;
			remoteInfo = EchoLearn;
		};
/* End PBXContainerItemProxy section */

/* Begin PBXFileReference section */
		3C8590C02DC6C51E00E493E5 /* EchoLearn.app */ = {isa = PBXFileReference; explicitFileType = wrapper.application; includeInIndex = 0; path = EchoLearn.app; sourceTree = BUILT_PRODUCTS_DIR; };
		3C8590CD2DC6C52000E493E5 /* EchoLearnTests.xctest */ = {isa = PBXFileReference; explicitFileType = wrapper.cfbundle; includeInIndex = 0; path = EchoLearnTests.xctest; sourceTree = BUILT_PRODUCTS_DIR; };
		3C8590D72DC6C52000E493E5 /* EchoLearnUITests.xctest */ = {isa = PBXFileReference; explicitFileType = wrapper.cfbundle; includeInIndex = 0; path = EchoLearnUITests.xctest; sourceTree = BUILT_PRODUCTS_DIR; };
/* End PBXFileReference section */

/* Begin PBXFileSystemSynchronizedBuildFileExceptionSet section */
		3C07D1E32DC7AC2E00E754F2 /* Exceptions for "EchoLearn" folder in "EchoLearnTests" target */ = {
			isa = PBXFileSystemSynchronizedBuildFileExceptionSet;
			membershipExceptions = (
				"GoogleService-Info.plist",
			);
			target = 3C8590CC2DC6C52000E493E5 /* EchoLearnTests */;
		};
		3C07D1E42DC7AC2E00E754F2 /* Exceptions for "EchoLearn" folder in "EchoLearnUITests" target */ = {
			isa = PBXFileSystemSynchronizedBuildFileExceptionSet;
			membershipExceptions = (
				"GoogleService-Info.plist",
			);
			target = 3C8590D62DC6C52000E493E5 /* EchoLearnUITests */;
		};
/* End PBXFileSystemSynchronizedBuildFileExceptionSet section */

/* Begin PBXFileSystemSynchronizedRootGroup section */
		3C8590C22DC6C51E00E493E5 /* EchoLearn */ = {
			isa = PBXFileSystemSynchronizedRootGroup;
			exceptions = (
				3C07D1E32DC7AC2E00E754F2 /* Exceptions for "EchoLearn" folder in "EchoLearnTests" target */,
				3C07D1E42DC7AC2E00E754F2 /* Exceptions for "EchoLearn" folder in "EchoLearnUITests" target */,
			);
			path = EchoLearn;
			sourceTree = "<group>";
		};
		3C8590D02DC6C52000E493E5 /* EchoLearnTests */ = {
			isa = PBXFileSystemSynchronizedRootGroup;
			path = EchoLearnTests;
			sourceTree = "<group>";
		};
		3C8590DA2DC6C52000E493E5 /* EchoLearnUITests */ = {
			isa = PBXFileSystemSynchronizedRootGroup;
			path = EchoLearnUITests;
			sourceTree = "<group>";
		};
/* End PBXFileSystemSynchronizedRootGroup section */

/* Begin PBXFrameworksBuildPhase section */
		3C8590BD2DC6C51E00E493E5 /* Frameworks */ = {
			isa = PBXFrameworksBuildPhase;
			buildActionMask = 2147483647;
			files = (
				3C07D1E72DC7AEA900E754F2 /* FirebaseAuth in Frameworks */,
				3C07D1E92DC7AEA900E754F2 /* FirebaseFirestore in Frameworks */,
			);
			runOnlyForDeploymentPostprocessing = 0;
		};
		3C8590CA2DC6C52000E493E5 /* Frameworks */ = {
			isa = PBXFrameworksBuildPhase;
			buildActionMask = 2147483647;
			files = (
			);
			runOnlyForDeploymentPostprocessing = 0;
		};
		3C8590D42DC6C52000E493E5 /* Frameworks */ = {
			isa = PBXFrameworksBuildPhase;
			buildActionMask = 2147483647;
			files = (
			);
			runOnlyForDeploymentPostprocessing = 0;
		};
/* End PBXFrameworksBuildPhase section */

/* Begin PBXGroup section */
		3C8590B72DC6C51E00E493E5 = {
			isa = PBXGroup;
			children = (
				3C8590C22DC6C51E00E493E5 /* EchoLearn */,
				3C8590D02DC6C52000E493E5 /* EchoLearnTests */,
				3C8590DA2DC6C52000E493E5 /* EchoLearnUITests */,
				3C8590C12DC6C51E00E493E5 /* Products */,
			);
			sourceTree = "<group>";
		};
		3C8590C12DC6C51E00E493E5 /* Products */ = {
			isa = PBXGroup;
			children = (
				3C8590C02DC6C51E00E493E5 /* EchoLearn.app */,
				3C8590CD2DC6C52000E493E5 /* EchoLearnTests.xctest */,
				3C8590D72DC6C52000E493E5 /* EchoLearnUITests.xctest */,
			);
			name = Products;
			sourceTree = "<group>";
		};
/* End PBXGroup section */

/* Begin PBXNativeTarget section */
		3C8590BF2DC6C51E00E493E5 /* EchoLearn */ = {
			isa = PBXNativeTarget;
			buildConfigurationList = 3C8590E12DC6C52000E493E5 /* Build configuration list for PBXNativeTarget "EchoLearn" */;
			buildPhases = (
				3C8590BC2DC6C51E00E493E5 /* Sources */,
				3C8590BD2DC6C51E00E493E5 /* Frameworks */,
				3C8590BE2DC6C51E00E493E5 /* Resources */,
			);
			buildRules = (
			);
			dependencies = (
			);
			fileSystemSynchronizedGroups = (
				3C8590C22DC6C51E00E493E5 /* EchoLearn */,
			);
			name = EchoLearn;
			packageProductDependencies = (
				3C07D1E62DC7AEA900E754F2 /* FirebaseAuth */,
				3C07D1E82DC7AEA900E754F2 /* FirebaseFirestore */,
			);
			productName = EchoLearn;
			productReference = 3C8590C02DC6C51E00E493E5 /* EchoLearn.app */;
			productType = "com.apple.product-type.application";
		};
		3C8590CC2DC6C52000E493E5 /* EchoLearnTests */ = {
			isa = PBXNativeTarget;
			buildConfigurationList = 3C8590E42DC6C52000E493E5 /* Build configuration list for PBXNativeTarget "EchoLearnTests" */;
			buildPhases = (
				3C8590C92DC6C52000E493E5 /* Sources */,
				3C8590CA2DC6C52000E493E5 /* Frameworks */,
				3C8590CB2DC6C52000E493E5 /* Resources */,
			);
			buildRules = (
			);
			dependencies = (
				3C8590CF2DC6C52000E493E5 /* PBXTargetDependency */,
			);
			fileSystemSynchronizedGroups = (
				3C8590D02DC6C52000E493E5 /* EchoLearnTests */,
			);
			name = EchoLearnTests;
			packageProductDependencies = (
			);
			productName = EchoLearnTests;
			productReference = 3C8590CD2DC6C52000E493E5 /* EchoLearnTests.xctest */;
			productType = "com.apple.product-type.bundle.unit-test";
		};
		3C8590D62DC6C52000E493E5 /* EchoLearnUITests */ = {
			isa = PBXNativeTarget;
			buildConfigurationList = 3C8590E72DC6C52000E493E5 /* Build configuration list for PBXNativeTarget "EchoLearnUITests" */;
			buildPhases = (
				3C8590D32DC6C52000E493E5 /* Sources */,
				3C8590D42DC6C52000E493E5 /* Frameworks */,
				3C8590D52DC6C52000E493E5 /* Resources */,
			);
			buildRules = (
			);
			dependencies = (
				3C8590D92DC6C52000E493E5 /* PBXTargetDependency */,
			);
			fileSystemSynchronizedGroups = (
				3C8590DA2DC6C52000E493E5 /* EchoLearnUITests */,
			);
			name = EchoLearnUITests;
			packageProductDependencies = (
			);
			productName = EchoLearnUITests;
			productReference = 3C8590D72DC6C52000E493E5 /* EchoLearnUITests.xctest */;
			productType = "com.apple.product-type.bundle.ui-testing";
		};
/* End PBXNativeTarget section */

/* Begin PBXProject section */
		3C8590B82DC6C51E00E493E5 /* Project object */ = {
			isa = PBXProject;
			attributes = {
				BuildIndependentTargetsInParallel = 1;
				LastSwiftUpdateCheck = 1630;
				LastUpgradeCheck = 1630;
				TargetAttributes = {
					3C8590BF2DC6C51E00E493E5 = {
						CreatedOnToolsVersion = 16.3;
					};
					3C8590CC2DC6C52000E493E5 = {
						CreatedOnToolsVersion = 16.3;
						TestTargetID = 3C8590BF2DC6C51E00E493E5;
					};
					3C8590D62DC6C52000E493E5 = {
						CreatedOnToolsVersion = 16.3;
						TestTargetID = 3C8590BF2DC6C51E00E493E5;
					};
				};
			};
			buildConfigurationList = 3C8590BB2DC6C51E00E493E5 /* Build configuration list for PBXProject "EchoLearn" */;
			developmentRegion = en;
			hasScannedForEncodings = 0;
			knownRegions = (
				en,
				Base,
			);
			mainGroup = 3C8590B72DC6C51E00E493E5;
			minimizedProjectReferenceProxies = 1;
			packageReferences = (
				3C07D1E52DC7AEA900E754F2 /* XCRemoteSwiftPackageReference "firebase-ios-sdk" */,
			);
			preferredProjectObjectVersion = 77;
			productRefGroup = 3C8590C12DC6C51E00E493E5 /* Products */;
			projectDirPath = "";
			projectRoot = "";
			targets = (
				3C8590BF2DC6C51E00E493E5 /* EchoLearn */,
				3C8590CC2DC6C52000E493E5 /* EchoLearnTests */,
				3C8590D62DC6C52000E493E5 /* EchoLearnUITests */,
			);
		};
/* End PBXProject section */

/* Begin PBXResourcesBuildPhase section */
		3C8590BE2DC6C51E00E493E5 /* Resources */ = {
			isa = PBXResourcesBuildPhase;
			buildActionMask = 2147483647;
			files = (
			);
			runOnlyForDeploymentPostprocessing = 0;
		};
		3C8590CB2DC6C52000E493E5 /* Resources */ = {
			isa = PBXResourcesBuildPhase;
			buildActionMask = 2147483647;
			files = (
			);
			runOnlyForDeploymentPostprocessing = 0;
		};
		3C8590D52DC6C52000E493E5 /* Resources */ = {
			isa = PBXResourcesBuildPhase;
			buildActionMask = 2147483647;
			files = (
			);
			runOnlyForDeploymentPostprocessing = 0;
		};
/* End PBXResourcesBuildPhase section */

/* Begin PBXSourcesBuildPhase section */
		3C8590BC2DC6C51E00E493E5 /* Sources */ = {
			isa = PBXSourcesBuildPhase;
			buildActionMask = 2147483647;
			files = (
			);
			runOnlyForDeploymentPostprocessing = 0;
		};
		3C8590C92DC6C52000E493E5 /* Sources */ = {
			isa = PBXSourcesBuildPhase;
			buildActionMask = 2147483647;
			files = (
			);
			runOnlyForDeploymentPostprocessing = 0;
		};
		3C8590D32DC6C52000E493E5 /* Sources */ = {
			isa = PBXSourcesBuildPhase;
			buildActionMask = 2147483647;
			files = (
			);
			runOnlyForDeploymentPostprocessing = 0;
		};
/* End PBXSourcesBuildPhase section */

/* Begin PBXTargetDependency section */
		3C8590CF2DC6C52000E493E5 /* PBXTargetDependency */ = {
			isa = PBXTargetDependency;
			target = 3C8590BF2DC6C51E00E493E5 /* EchoLearn */;
			targetProxy = 3C8590CE2DC6C52000E493E5 /* PBXContainerItemProxy */;
		};
		3C8590D92DC6C52000E493E5 /* PBXTargetDependency */ = {
			isa = PBXTargetDependency;
			target = 3C8590BF2DC6C51E00E493E5 /* EchoLearn */;
			targetProxy = 3C8590D82DC6C52000E493E5 /* PBXContainerItemProxy */;
		};
/* End PBXTargetDependency section */

/* Begin XCBuildConfiguration section */
		3C8590DF2DC6C52000E493E5 /* Debug */ = {
			isa = XCBuildConfiguration;
			buildSettings = {
				ALWAYS_SEARCH_USER_PATHS = NO;
				ASSETCATALOG_COMPILER_GENERATE_SWIFT_ASSET_SYMBOL_EXTENSIONS = YES;
				CLANG_ANALYZER_NONNULL = YES;
				CLANG_ANALYZER_NUMBER_OBJECT_CONVERSION = YES_AGGRESSIVE;
				CLANG_CXX_LANGUAGE_STANDARD = "gnu++20";
				CLANG_ENABLE_MODULES = YES;
				CLANG_ENABLE_OBJC_ARC = YES;
				CLANG_ENABLE_OBJC_WEAK = YES;
				CLANG_WARN_BLOCK_CAPTURE_AUTORELEASING = YES;
				CLANG_WARN_BOOL_CONVERSION = YES;
				CLANG_WARN_COMMA = YES;
				CLANG_WARN_CONSTANT_CONVERSION = YES;
				CLANG_WARN_DEPRECATED_OBJC_IMPLEMENTATIONS = YES;
				CLANG_WARN_DIRECT_OBJC_ISA_USAGE = YES_ERROR;
				CLANG_WARN_DOCUMENTATION_COMMENTS = YES;
				CLANG_WARN_EMPTY_BODY = YES;
				CLANG_WARN_ENUM_CONVERSION = YES;
				CLANG_WARN_INFINITE_RECURSION = YES;
				CLANG_WARN_INT_CONVERSION = YES;
				CLANG_WARN_NON_LITERAL_NULL_CONVERSION = YES;
				CLANG_WARN_OBJC_IMPLICIT_RETAIN_SELF = YES;
				CLANG_WARN_OBJC_LITERAL_CONVERSION = YES;
				CLANG_WARN_OBJC_ROOT_CLASS = YES_ERROR;
				CLANG_WARN_QUOTED_INCLUDE_IN_FRAMEWORK_HEADER = YES;
				CLANG_WARN_RANGE_LOOP_ANALYSIS = YES;
				CLANG_WARN_STRICT_PROTOTYPES = YES;
				CLANG_WARN_SUSPICIOUS_MOVE = YES;
				CLANG_WARN_UNGUARDED_AVAILABILITY = YES_AGGRESSIVE;
				CLANG_WARN_UNREACHABLE_CODE = YES;
				CLANG_WARN__DUPLICATE_METHOD_MATCH = YES;
				COPY_PHASE_STRIP = NO;
				DEBUG_INFORMATION_FORMAT = dwarf;
				ENABLE_STRICT_OBJC_MSGSEND = YES;
				ENABLE_TESTABILITY = YES;
				ENABLE_USER_SCRIPT_SANDBOXING = YES;
				GCC_C_LANGUAGE_STANDARD = gnu17;
				GCC_DYNAMIC_NO_PIC = NO;
				GCC_NO_COMMON_BLOCKS = YES;
				GCC_OPTIMIZATION_LEVEL = 0;
				GCC_PREPROCESSOR_DEFINITIONS = (
					"DEBUG=1",
					"$(inherited)",
				);
				GCC_WARN_64_TO_32_BIT_CONVERSION = YES;
				GCC_WARN_ABOUT_RETURN_TYPE = YES_ERROR;
				GCC_WARN_UNDECLARED_SELECTOR = YES;
				GCC_WARN_UNINITIALIZED_AUTOS = YES_AGGRESSIVE;
				GCC_WARN_UNUSED_FUNCTION = YES;
				GCC_WARN_UNUSED_VARIABLE = YES;
				IPHONEOS_DEPLOYMENT_TARGET = 18.4;
				LOCALIZATION_PREFERS_STRING_CATALOGS = YES;
				MTL_ENABLE_DEBUG_INFO = INCLUDE_SOURCE;
				MTL_FAST_MATH = YES;
				ONLY_ACTIVE_ARCH = YES;
				SDKROOT = iphoneos;
				SWIFT_ACTIVE_COMPILATION_CONDITIONS = "DEBUG $(inherited)";
				SWIFT_OPTIMIZATION_LEVEL = "-Onone";
			};
			name = Debug;
		};
		3C8590E02DC6C52000E493E5 /* Release */ = {
			isa = XCBuildConfiguration;
			buildSettings = {
				ALWAYS_SEARCH_USER_PATHS = NO;
				ASSETCATALOG_COMPILER_GENERATE_SWIFT_ASSET_SYMBOL_EXTENSIONS = YES;
				CLANG_ANALYZER_NONNULL = YES;
				CLANG_ANALYZER_NUMBER_OBJECT_CONVERSION = YES_AGGRESSIVE;
				CLANG_CXX_LANGUAGE_STANDARD = "gnu++20";
				CLANG_ENABLE_MODULES = YES;
				CLANG_ENABLE_OBJC_ARC = YES;
				CLANG_ENABLE_OBJC_WEAK = YES;
				CLANG_WARN_BLOCK_CAPTURE_AUTORELEASING = YES;
				CLANG_WARN_BOOL_CONVERSION = YES;
				CLANG_WARN_COMMA = YES;
				CLANG_WARN_CONSTANT_CONVERSION = YES;
				CLANG_WARN_DEPRECATED_OBJC_IMPLEMENTATIONS = YES;
				CLANG_WARN_DIRECT_OBJC_ISA_USAGE = YES_ERROR;
				CLANG_WARN_DOCUMENTATION_COMMENTS = YES;
				CLANG_WARN_EMPTY_BODY = YES;
				CLANG_WARN_ENUM_CONVERSION = YES;
				CLANG_WARN_INFINITE_RECURSION = YES;
				CLANG_WARN_INT_CONVERSION = YES;
				CLANG_WARN_NON_LITERAL_NULL_CONVERSION = YES;
				CLANG_WARN_OBJC_IMPLICIT_RETAIN_SELF = YES;
				CLANG_WARN_OBJC_LITERAL_CONVERSION = YES;
				CLANG_WARN_OBJC_ROOT_CLASS = YES_ERROR;
				CLANG_WARN_QUOTED_INCLUDE_IN_FRAMEWORK_HEADER = YES;
				CLANG_WARN_RANGE_LOOP_ANALYSIS = YES;
				CLANG_WARN_STRICT_PROTOTYPES = YES;
				CLANG_WARN_SUSPICIOUS_MOVE = YES;
				CLANG_WARN_UNGUARDED_AVAILABILITY = YES_AGGRESSIVE;
				CLANG_WARN_UNREACHABLE_CODE = YES;
				CLANG_WARN__DUPLICATE_METHOD_MATCH = YES;
				COPY_PHASE_STRIP = NO;
				DEBUG_INFORMATION_FORMAT = "dwarf-with-dsym";
				ENABLE_NS_ASSERTIONS = NO;
				ENABLE_STRICT_OBJC_MSGSEND = YES;
				ENABLE_USER_SCRIPT_SANDBOXING = YES;
				GCC_C_LANGUAGE_STANDARD = gnu17;
				GCC_NO_COMMON_BLOCKS = YES;
				GCC_WARN_64_TO_32_BIT_CONVERSION = YES;
				GCC_WARN_ABOUT_RETURN_TYPE = YES_ERROR;
				GCC_WARN_UNDECLARED_SELECTOR = YES;
				GCC_WARN_UNINITIALIZED_AUTOS = YES_AGGRESSIVE;
				GCC_WARN_UNUSED_FUNCTION = YES;
				GCC_WARN_UNUSED_VARIABLE = YES;
				IPHONEOS_DEPLOYMENT_TARGET = 18.4;
				LOCALIZATION_PREFERS_STRING_CATALOGS = YES;
				MTL_ENABLE_DEBUG_INFO = NO;
				MTL_FAST_MATH = YES;
				SDKROOT = iphoneos;
				SWIFT_COMPILATION_MODE = wholemodule;
				VALIDATE_PRODUCT = YES;
			};
			name = Release;
		};
		3C8590E22DC6C52000E493E5 /* Debug */ = {
			isa = XCBuildConfiguration;
			buildSettings = {
				ASSETCATALOG_COMPILER_APPICON_NAME = AppIcon;
				ASSETCATALOG_COMPILER_GLOBAL_ACCENT_COLOR_NAME = AccentColor;
				CODE_SIGN_STYLE = Automatic;
				CURRENT_PROJECT_VERSION = 1;
				ENABLE_PREVIEWS = YES;
				GENERATE_INFOPLIST_FILE = YES;
				INFOPLIST_KEY_CFBundleDisplayName = EchoLearn;
				INFOPLIST_KEY_UIApplicationSceneManifest_Generation = YES;
				INFOPLIST_KEY_UIApplicationSupportsIndirectInputEvents = YES;
				INFOPLIST_KEY_UILaunchScreen_Generation = YES;
				INFOPLIST_KEY_UISupportedInterfaceOrientations = UIInterfaceOrientationPortrait;
				LD_RUNPATH_SEARCH_PATHS = (
					"$(inherited)",
					"@executable_path/Frameworks",
				);
				MARKETING_VERSION = 1.0;
				PRODUCT_BUNDLE_IDENTIFIER = com.EchoLearn.EchoLearn;
				PRODUCT_NAME = "$(TARGET_NAME)";
				SUPPORTED_PLATFORMS = "iphoneos iphonesimulator";
				SUPPORTS_MACCATALYST = NO;
				SUPPORTS_XR_DESIGNED_FOR_IPHONE_IPAD = NO;
				SWIFT_EMIT_LOC_STRINGS = YES;
				SWIFT_VERSION = 5.0;
				TARGETED_DEVICE_FAMILY = "1,2";
			};
			name = Debug;
		};
		3C8590E32DC6C52000E493E5 /* Release */ = {
			isa = XCBuildConfiguration;
			buildSettings = {
				ASSETCATALOG_COMPILER_APPICON_NAME = AppIcon;
				ASSETCATALOG_COMPILER_GLOBAL_ACCENT_COLOR_NAME = AccentColor;
				CODE_SIGN_STYLE = Automatic;
				CURRENT_PROJECT_VERSION = 1;
				ENABLE_PREVIEWS = YES;
				GENERATE_INFOPLIST_FILE = YES;
				INFOPLIST_KEY_CFBundleDisplayName = EchoLearn;
				INFOPLIST_KEY_UIApplicationSceneManifest_Generation = YES;
				INFOPLIST_KEY_UIApplicationSupportsIndirectInputEvents = YES;
				INFOPLIST_KEY_UILaunchScreen_Generation = YES;
				INFOPLIST_KEY_UISupportedInterfaceOrientations = UIInterfaceOrientationPortrait;
				LD_RUNPATH_SEARCH_PATHS = (
					"$(inherited)",
					"@executable_path/Frameworks",
				);
				MARKETING_VERSION = 1.0;
				PRODUCT_BUNDLE_IDENTIFIER = com.EchoLearn.EchoLearn;
				PRODUCT_NAME = "$(TARGET_NAME)";
				SUPPORTED_PLATFORMS = "iphoneos iphonesimulator";
				SUPPORTS_MACCATALYST = NO;
				SUPPORTS_XR_DESIGNED_FOR_IPHONE_IPAD = NO;
				SWIFT_EMIT_LOC_STRINGS = YES;
				SWIFT_VERSION = 5.0;
				TARGETED_DEVICE_FAMILY = "1,2";
			};
			name = Release;
		};
		3C8590E52DC6C52000E493E5 /* Debug */ = {
			isa = XCBuildConfiguration;
			buildSettings = {
				BUNDLE_LOADER = "$(TEST_HOST)";
				CODE_SIGN_STYLE = Automatic;
				CURRENT_PROJECT_VERSION = 1;
				GENERATE_INFOPLIST_FILE = YES;
				IPHONEOS_DEPLOYMENT_TARGET = 18.4;
				MARKETING_VERSION = 1.0;
				PRODUCT_BUNDLE_IDENTIFIER = com.EchoLearn.EchoLearnTests;
				PRODUCT_NAME = "$(TARGET_NAME)";
				SWIFT_EMIT_LOC_STRINGS = NO;
				SWIFT_VERSION = 5.0;
				TARGETED_DEVICE_FAMILY = "1,2";
				TEST_HOST = "$(BUILT_PRODUCTS_DIR)/EchoLearn.app/$(BUNDLE_EXECUTABLE_FOLDER_PATH)/EchoLearn";
			};
			name = Debug;
		};
		3C8590E62DC6C52000E493E5 /* Release */ = {
			isa = XCBuildConfiguration;
			buildSettings = {
				BUNDLE_LOADER = "$(TEST_HOST)";
				CODE_SIGN_STYLE = Automatic;
				CURRENT_PROJECT_VERSION = 1;
				GENERATE_INFOPLIST_FILE = YES;
				IPHONEOS_DEPLOYMENT_TARGET = 18.4;
				MARKETING_VERSION = 1.0;
				PRODUCT_BUNDLE_IDENTIFIER = com.EchoLearn.EchoLearnTests;
				PRODUCT_NAME = "$(TARGET_NAME)";
				SWIFT_EMIT_LOC_STRINGS = NO;
				SWIFT_VERSION = 5.0;
				TARGETED_DEVICE_FAMILY = "1,2";
				TEST_HOST = "$(BUILT_PRODUCTS_DIR)/EchoLearn.app/$(BUNDLE_EXECUTABLE_FOLDER_PATH)/EchoLearn";
			};
			name = Release;
		};
		3C8590E82DC6C52000E493E5 /* Debug */ = {
			isa = XCBuildConfiguration;
			buildSettings = {
				CODE_SIGN_STYLE = Automatic;
				CURRENT_PROJECT_VERSION = 1;
				GENERATE_INFOPLIST_FILE = YES;
				MARKETING_VERSION = 1.0;
				PRODUCT_BUNDLE_IDENTIFIER = com.EchoLearn.EchoLearnUITests;
				PRODUCT_NAME = "$(TARGET_NAME)";
				SWIFT_EMIT_LOC_STRINGS = NO;
				SWIFT_VERSION = 5.0;
				TARGETED_DEVICE_FAMILY = "1,2";
				TEST_TARGET_NAME = EchoLearn;
			};
			name = Debug;
		};
		3C8590E92DC6C52000E493E5 /* Release */ = {
			isa = XCBuildConfiguration;
			buildSettings = {
				CODE_SIGN_STYLE = Automatic;
				CURRENT_PROJECT_VERSION = 1;
				GENERATE_INFOPLIST_FILE = YES;
				MARKETING_VERSION = 1.0;
				PRODUCT_BUNDLE_IDENTIFIER = com.EchoLearn.EchoLearnUITests;
				PRODUCT_NAME = "$(TARGET_NAME)";
				SWIFT_EMIT_LOC_STRINGS = NO;
				SWIFT_VERSION = 5.0;
				TARGETED_DEVICE_FAMILY = "1,2";
				TEST_TARGET_NAME = EchoLearn;
			};
			name = Release;
		};
/* End XCBuildConfiguration section */

/* Begin XCConfigurationList section */
		3C8590BB2DC6C51E00E493E5 /* Build configuration list for PBXProject "EchoLearn" */ = {
			isa = XCConfigurationList;
			buildConfigurations = (
				3C8590DF2DC6C52000E493E5 /* Debug */,
				3C8590E02DC6C52000E493E5 /* Release */,
			);
			defaultConfigurationIsVisible = 0;
			defaultConfigurationName = Release;
		};
		3C8590E12DC6C52000E493E5 /* Build configuration list for PBXNativeTarget "EchoLearn" */ = {
			isa = XCConfigurationList;
			buildConfigurations = (
				3C8590E22DC6C52000E493E5 /* Debug */,
				3C8590E32DC6C52000E493E5 /* Release */,
			);
			defaultConfigurationIsVisible = 0;
			defaultConfigurationName = Release;
		};
		3C8590E42DC6C52000E493E5 /* Build configuration list for PBXNativeTarget "EchoLearnTests" */ = {
			isa = XCConfigurationList;
			buildConfigurations = (
				3C8590E52DC6C52000E493E5 /* Debug */,
				3C8590E62DC6C52000E493E5 /* Release */,
			);
			defaultConfigurationIsVisible = 0;
			defaultConfigurationName = Release;
		};
		3C8590E72DC6C52000E493E5 /* Build configuration list for PBXNativeTarget "EchoLearnUITests" */ = {
			isa = XCConfigurationList;
			buildConfigurations = (
				3C8590E82DC6C52000E493E5 /* Debug */,
				3C8590E92DC6C52000E493E5 /* Release */,
			);
			defaultConfigurationIsVisible = 0;
			defaultConfigurationName = Release;
		};
/* End XCConfigurationList section */

/* Begin XCRemoteSwiftPackageReference section */
		3C07D1E52DC7AEA900E754F2 /* XCRemoteSwiftPackageReference "firebase-ios-sdk" */ = {
			isa = XCRemoteSwiftPackageReference;
			repositoryURL = "https://github.com/firebase/firebase-ios-sdk";
			requirement = {
				kind = upToNextMajorVersion;
				minimumVersion = 11.12.0;
			};
		};
/* End XCRemoteSwiftPackageReference section */

/* Begin XCSwiftPackageProductDependency section */
		3C07D1E62DC7AEA900E754F2 /* FirebaseAuth */ = {
			isa = XCSwiftPackageProductDependency;
			package = 3C07D1E52DC7AEA900E754F2 /* XCRemoteSwiftPackageReference "firebase-ios-sdk" */;
			productName = FirebaseAuth;
		};
		3C07D1E82DC7AEA900E754F2 /* FirebaseFirestore */ = {
			isa = XCSwiftPackageProductDependency;
			package = 3C07D1E52DC7AEA900E754F2 /* XCRemoteSwiftPackageReference "firebase-ios-sdk" */;
			productName = FirebaseFirestore;
		};
/* End XCSwiftPackageProductDependency section */
	};
	rootObject = 3C8590B82DC6C51E00E493E5 /* Project object */;
}
